# This file is automatically @generated by Cargo.
# It is not intended for manual editing.
version = 4

[[package]]
name = "dioptron"
version = "0.1.6"

[[package]]
name = "epitrope"
version = "0.1.6"

[[package]]
name = "phylake"
version = "0.1.6"

[[package]]
name = "syntheke"
version = "0.1.6"

[[package]]
name = "xenos"
version = "0.1.6"
